
Microsoft Visual Studio Solution File, Format Version 12.00
# Visual Studio 15
Project("{FAE04EC0-301F-11D3-BF4B-00C04F79EFBC}") = "Microservices.Demo.Web", "Microservices.Demo.Web\Microservices.Demo.Web.csproj", "{92A77CDA-518C-497B-BCA9-8ACD7B16E7A0}"
EndProject
Project("{2150E333-8FDC-42A3-9474-1A3956D46DE8}") = "src", "src", "{5A071B92-4CFD-44A7-BB73-6A7C89055ED4}"
EndProject
Project("{2150E333-8FDC-42A3-9474-1A3956D46DE8}") = "Catalog", "Catalog", "{4BF0FC52-0CF5-41AC-B0D9-ED5BA11EBC38}"
EndProject
Project("{FAE04EC0-301F-11D3-BF4B-00C04F79EFBC}") = "Catalog.API", "src\Catalog\Catalog.API\Catalog.API.csproj", "{D42AAABD-B77B-467E-943B-175E70D33B78}"
EndProject
Global
	GlobalSection(SolutionConfigurationPlatforms) = preSolution
		Debug|Any CPU = Debug|Any CPU
		Release|Any CPU = Release|Any CPU
	EndGlobalSection
	GlobalSection(ProjectConfigurationPlatforms) = postSolution
		{92A77CDA-518C-497B-BCA9-8ACD7B16E7A0}.Debug|Any CPU.ActiveCfg = Debug|Any CPU
		{92A77CDA-518C-497B-BCA9-8ACD7B16E7A0}.Debug|Any CPU.Build.0 = Debug|Any CPU
		{92A77CDA-518C-497B-BCA9-8ACD7B16E7A0}.Release|Any CPU.ActiveCfg = Release|Any CPU
		{92A77CDA-518C-497B-BCA9-8ACD7B16E7A0}.Release|Any CPU.Build.0 = Release|Any CPU
		{D42AAABD-B77B-467E-943B-175E70D33B78}.Debug|Any CPU.ActiveCfg = Debug|Any CPU
		{D42AAABD-B77B-467E-943B-175E70D33B78}.Debug|Any CPU.Build.0 = Debug|Any CPU
		{D42AAABD-B77B-467E-943B-175E70D33B78}.Release|Any CPU.ActiveCfg = Release|Any CPU
		{D42AAABD-B77B-467E-943B-175E70D33B78}.Release|Any CPU.Build.0 = Release|Any CPU
	EndGlobalSection
	GlobalSection(NestedProjects) = preSolution
		{92A77CDA-518C-497B-BCA9-8ACD7B16E7A0} = {5A071B92-4CFD-44A7-BB73-6A7C89055ED4}
		{4BF0FC52-0CF5-41AC-B0D9-ED5BA11EBC38} = {5A071B92-4CFD-44A7-BB73-6A7C89055ED4}
		{D42AAABD-B77B-467E-943B-175E70D33B78} = {4BF0FC52-0CF5-41AC-B0D9-ED5BA11EBC38}
	EndGlobalSection
EndGlobal
